// !$*UTF8*$!
{
	archiveVersion = 1;
	classes = {
	};
	objectVersion = 48;
	objects = {

/* Begin PBXBuildFile section */
		1BFEA87178D94E44CCE3CC3E /* Pods_NewsSearch.framework in Frameworks */ = {isa = PBXBuildFile; fileRef = 13990F2EB5E4D8539A01945E /* Pods_NewsSearch.framework */; };
		9F02232A1FE2D79100396774 /* DateExtensionRelative.swift in Sources */ = {isa = PBXBuildFile; fileRef = 9F0223291FE2D79100396774 /* DateExtensionRelative.swift */; };
		9F27491D1FA94745003B1BE4 /* NewsAndSourcePopupView.swift in Sources */ = {isa = PBXBuildFile; fileRef = 9F27491C1FA94745003B1BE4 /* NewsAndSourcePopupView.swift */; };
		9F2749201FA947AD003B1BE4 /* UILabelExtensions.swift in Sources */ = {isa = PBXBuildFile; fileRef = 9F27491E1FA947AD003B1BE4 /* UILabelExtensions.swift */; };
		9F2749211FA947AD003B1BE4 /* UIButtonExtensions copy.swift in Sources */ = {isa = PBXBuildFile; fileRef = 9F27491F1FA947AD003B1BE4 /* UIButtonExtensions copy.swift */; };
		9F304D711FBE7D5900D698CC /* Keys.plist in Resources */ = {isa = PBXBuildFile; fileRef = 9F304D701FBE7D5900D698CC /* Keys.plist */; };
		9F304D771FBE857600D698CC /* NewsWebViewController.swift in Sources */ = {isa = PBXBuildFile; fileRef = 9F304D761FBE857600D698CC /* NewsWebViewController.swift */; };
		9F48865E1FB8F64B00292974 /* ArticlesViewModel.swift in Sources */ = {isa = PBXBuildFile; fileRef = 9F48865D1FB8F64B00292974 /* ArticlesViewModel.swift */; };
		9F82DDD91F9FF71100C7EF2F /* NewsSearchController.swift in Sources */ = {isa = PBXBuildFile; fileRef = 9F82DDD81F9FF71100C7EF2F /* NewsSearchController.swift */; };
		9F82DDDB1F9FF8E800C7EF2F /* NewsTableView.swift in Sources */ = {isa = PBXBuildFile; fileRef = 9F82DDDA1F9FF8E800C7EF2F /* NewsTableView.swift */; };
		9F82DDE41FA1420800C7EF2F /* NewsSourceCell.swift in Sources */ = {isa = PBXBuildFile; fileRef = 9F82DDE21FA1420800C7EF2F /* NewsSourceCell.swift */; };
		9F82DDE51FA1420800C7EF2F /* NewsSourceCell.xib in Resources */ = {isa = PBXBuildFile; fileRef = 9F82DDE31FA1420800C7EF2F /* NewsSourceCell.xib */; };
		9F8606B51FD9CDD10037BBD5 /* NewsTabViewController.swift in Sources */ = {isa = PBXBuildFile; fileRef = 9F8606B41FD9CDD10037BBD5 /* NewsTabViewController.swift */; };
		9F904D891F96DC0200DD1B8D /* HomeViewController.swift in Sources */ = {isa = PBXBuildFile; fileRef = 9F904D881F96DC0200DD1B8D /* HomeViewController.swift */; };
		9F904D8F1F96E00B00DD1B8D /* SourcesViewModel.swift in Sources */ = {isa = PBXBuildFile; fileRef = 9F904D8E1F96E00B00DD1B8D /* SourcesViewModel.swift */; };
		9F904D911F96E02E00DD1B8D /* NetworkManager .swift in Sources */ = {isa = PBXBuildFile; fileRef = 9F904D901F96E02E00DD1B8D /* NetworkManager .swift */; };
		9F904D931F96E13700DD1B8D /* ArticleModel.swift in Sources */ = {isa = PBXBuildFile; fileRef = 9F904D921F96E13700DD1B8D /* ArticleModel.swift */; };
		9F904D951F96E14200DD1B8D /* SourceModel.swift in Sources */ = {isa = PBXBuildFile; fileRef = 9F904D941F96E14200DD1B8D /* SourceModel.swift */; };
		9F904D9D1F96E6C200DD1B8D /* Identifiers.swift in Sources */ = {isa = PBXBuildFile; fileRef = 9F904D9C1F96E6C200DD1B8D /* Identifiers.swift */; };
		9F904DA71F96E8F800DD1B8D /* NewsSearchBar.swift in Sources */ = {isa = PBXBuildFile; fileRef = 9F904DA61F96E8F800DD1B8D /* NewsSearchBar.swift */; };
		9FBC029F1FCE41AC009B1958 /* NewsItem.swift in Sources */ = {isa = PBXBuildFile; fileRef = 9FBC029E1FCE41AC009B1958 /* NewsItem.swift */; };
		9FBC02E31FCF9777009B1958 /* ViewLayout.swift in Sources */ = {isa = PBXBuildFile; fileRef = 9FBC02E21FCF9777009B1958 /* ViewLayout.swift */; };
		9FE7E0211FB661BD001B36A5 /* ArticleCell.swift in Sources */ = {isa = PBXBuildFile; fileRef = 9FE7E01F1FB661BD001B36A5 /* ArticleCell.swift */; };
		9FE8812D1FBBB82E008EEBDA /* ArticleCell.xib in Resources */ = {isa = PBXBuildFile; fileRef = 9FE8812C1FBBB82E008EEBDA /* ArticleCell.xib */; };
		9FE9127B1FA64E85008CADE2 /* CGRectExtensions.swift in Sources */ = {isa = PBXBuildFile; fileRef = 9FE9127A1FA64E85008CADE2 /* CGRectExtensions.swift */; };
		9FEBB2501F9EC01000B7259E /* SegmentedControlExtensions.swift in Sources */ = {isa = PBXBuildFile; fileRef = 9FEBB24F1F9EC01000B7259E /* SegmentedControlExtensions.swift */; };
		9FEBB2521F9EC2CC00B7259E /* CategoryEnums.swift in Sources */ = {isa = PBXBuildFile; fileRef = 9FEBB2511F9EC2CC00B7259E /* CategoryEnums.swift */; };
		9FF023031FA95416009A93C2 /* UIFontExtensions.swift in Sources */ = {isa = PBXBuildFile; fileRef = 9FF023021FA95416009A93C2 /* UIFontExtensions.swift */; };
		9FF21DE41FB1612C00E1CB00 /* ArticlesViewController.swift in Sources */ = {isa = PBXBuildFile; fileRef = 9FF21DE31FB1612C00E1CB00 /* ArticlesViewController.swift */; };
		9FF383EC1F94005500F9D79F /* AppDelegate.swift in Sources */ = {isa = PBXBuildFile; fileRef = 9FF383EB1F94005500F9D79F /* AppDelegate.swift */; };
		9FF383F31F94005500F9D79F /* Assets.xcassets in Resources */ = {isa = PBXBuildFile; fileRef = 9FF383F21F94005500F9D79F /* Assets.xcassets */; };
		9FF383F61F94005500F9D79F /* LaunchScreen.storyboard in Resources */ = {isa = PBXBuildFile; fileRef = 9FF383F41F94005500F9D79F /* LaunchScreen.storyboard */; };
/* End PBXBuildFile section */

/* Begin PBXFileReference section */
		13990F2EB5E4D8539A01945E /* Pods_NewsSearch.framework */ = {isa = PBXFileReference; explicitFileType = wrapper.framework; includeInIndex = 0; path = Pods_NewsSearch.framework; sourceTree = BUILT_PRODUCTS_DIR; };
		4A6AA6758926F8379D3901A1 /* Pods-NewsSearch.release.xcconfig */ = {isa = PBXFileReference; includeInIndex = 1; lastKnownFileType = text.xcconfig; name = "Pods-NewsSearch.release.xcconfig"; path = "Pods/Target Support Files/Pods-NewsSearch/Pods-NewsSearch.release.xcconfig"; sourceTree = "<group>"; };
		7773AB81B48FFC0D8318F225 /* Pods-NewsSearch.debug.xcconfig */ = {isa = PBXFileReference; includeInIndex = 1; lastKnownFileType = text.xcconfig; name = "Pods-NewsSearch.debug.xcconfig"; path = "Pods/Target Support Files/Pods-NewsSearch/Pods-NewsSearch.debug.xcconfig"; sourceTree = "<group>"; };
		9F0223291FE2D79100396774 /* DateExtensionRelative.swift */ = {isa = PBXFileReference; lastKnownFileType = sourcecode.swift; name = DateExtensionRelative.swift; path = "../../../../../Dropbox/Coding Projects/SwiftHelpers/DateExtensionRelative.swift"; sourceTree = "<group>"; };
		9F27491C1FA94745003B1BE4 /* NewsAndSourcePopupView.swift */ = {isa = PBXFileReference; lastKnownFileType = sourcecode.swift; path = NewsAndSourcePopupView.swift; sourceTree = "<group>"; };
		9F27491E1FA947AD003B1BE4 /* UILabelExtensions.swift */ = {isa = PBXFileReference; fileEncoding = 4; lastKnownFileType = sourcecode.swift; path = UILabelExtensions.swift; sourceTree = "<group>"; };
		9F27491F1FA947AD003B1BE4 /* UIButtonExtensions copy.swift */ = {isa = PBXFileReference; fileEncoding = 4; lastKnownFileType = sourcecode.swift; path = "UIButtonExtensions copy.swift"; sourceTree = "<group>"; };
		9F304D701FBE7D5900D698CC /* Keys.plist */ = {isa = PBXFileReference; lastKnownFileType = text.plist.xml; path = Keys.plist; sourceTree = "<group>"; };
		9F304D761FBE857600D698CC /* NewsWebViewController.swift */ = {isa = PBXFileReference; lastKnownFileType = sourcecode.swift; path = NewsWebViewController.swift; sourceTree = "<group>"; };
		9F48865D1FB8F64B00292974 /* ArticlesViewModel.swift */ = {isa = PBXFileReference; lastKnownFileType = sourcecode.swift; path = ArticlesViewModel.swift; sourceTree = "<group>"; };
		9F82DDD81F9FF71100C7EF2F /* NewsSearchController.swift */ = {isa = PBXFileReference; lastKnownFileType = sourcecode.swift; path = NewsSearchController.swift; sourceTree = "<group>"; };
		9F82DDDA1F9FF8E800C7EF2F /* NewsTableView.swift */ = {isa = PBXFileReference; lastKnownFileType = sourcecode.swift; path = NewsTableView.swift; sourceTree = "<group>"; };
		9F82DDE21FA1420800C7EF2F /* NewsSourceCell.swift */ = {isa = PBXFileReference; lastKnownFileType = sourcecode.swift; path = NewsSourceCell.swift; sourceTree = "<group>"; };
		9F82DDE31FA1420800C7EF2F /* NewsSourceCell.xib */ = {isa = PBXFileReference; lastKnownFileType = file.xib; path = NewsSourceCell.xib; sourceTree = "<group>"; };
		9F8606B41FD9CDD10037BBD5 /* NewsTabViewController.swift */ = {isa = PBXFileReference; lastKnownFileType = sourcecode.swift; path = NewsTabViewController.swift; sourceTree = "<group>"; };
		9F904D881F96DC0200DD1B8D /* HomeViewController.swift */ = {isa = PBXFileReference; lastKnownFileType = sourcecode.swift; path = HomeViewController.swift; sourceTree = "<group>"; };
		9F904D8E1F96E00B00DD1B8D /* SourcesViewModel.swift */ = {isa = PBXFileReference; lastKnownFileType = sourcecode.swift; path = SourcesViewModel.swift; sourceTree = "<group>"; };
		9F904D901F96E02E00DD1B8D /* NetworkManager .swift */ = {isa = PBXFileReference; lastKnownFileType = sourcecode.swift; path = "NetworkManager .swift"; sourceTree = "<group>"; };
		9F904D921F96E13700DD1B8D /* ArticleModel.swift */ = {isa = PBXFileReference; lastKnownFileType = sourcecode.swift; path = ArticleModel.swift; sourceTree = "<group>"; };
		9F904D941F96E14200DD1B8D /* SourceModel.swift */ = {isa = PBXFileReference; lastKnownFileType = sourcecode.swift; path = SourceModel.swift; sourceTree = "<group>"; };
		9F904D9C1F96E6C200DD1B8D /* Identifiers.swift */ = {isa = PBXFileReference; lastKnownFileType = sourcecode.swift; path = Identifiers.swift; sourceTree = "<group>"; };
		9F904DA61F96E8F800DD1B8D /* NewsSearchBar.swift */ = {isa = PBXFileReference; lastKnownFileType = sourcecode.swift; path = NewsSearchBar.swift; sourceTree = "<group>"; };
		9FBC029E1FCE41AC009B1958 /* NewsItem.swift */ = {isa = PBXFileReference; lastKnownFileType = sourcecode.swift; path = NewsItem.swift; sourceTree = "<group>"; };
		9FBC02E21FCF9777009B1958 /* ViewLayout.swift */ = {isa = PBXFileReference; fileEncoding = 4; lastKnownFileType = sourcecode.swift; path = ViewLayout.swift; sourceTree = "<group>"; };
		9FE7E01F1FB661BD001B36A5 /* ArticleCell.swift */ = {isa = PBXFileReference; lastKnownFileType = sourcecode.swift; path = ArticleCell.swift; sourceTree = "<group>"; };
		9FE8812C1FBBB82E008EEBDA /* ArticleCell.xib */ = {isa = PBXFileReference; lastKnownFileType = file.xib; path = ArticleCell.xib; sourceTree = "<group>"; };
		9FE9127A1FA64E85008CADE2 /* CGRectExtensions.swift */ = {isa = PBXFileReference; fileEncoding = 4; lastKnownFileType = sourcecode.swift; path = CGRectExtensions.swift; sourceTree = "<group>"; };
		9FEBB24F1F9EC01000B7259E /* SegmentedControlExtensions.swift */ = {isa = PBXFileReference; lastKnownFileType = sourcecode.swift; path = SegmentedControlExtensions.swift; sourceTree = "<group>"; };
		9FEBB2511F9EC2CC00B7259E /* CategoryEnums.swift */ = {isa = PBXFileReference; lastKnownFileType = sourcecode.swift; path = CategoryEnums.swift; sourceTree = "<group>"; };
		9FF023021FA95416009A93C2 /* UIFontExtensions.swift */ = {isa = PBXFileReference; fileEncoding = 4; lastKnownFileType = sourcecode.swift; path = UIFontExtensions.swift; sourceTree = "<group>"; };
		9FF21DE31FB1612C00E1CB00 /* ArticlesViewController.swift */ = {isa = PBXFileReference; lastKnownFileType = sourcecode.swift; path = ArticlesViewController.swift; sourceTree = "<group>"; };
		9FF383E81F94005500F9D79F /* NewsSearch.app */ = {isa = PBXFileReference; explicitFileType = wrapper.application; includeInIndex = 0; path = NewsSearch.app; sourceTree = BUILT_PRODUCTS_DIR; };
		9FF383EB1F94005500F9D79F /* AppDelegate.swift */ = {isa = PBXFileReference; lastKnownFileType = sourcecode.swift; path = AppDelegate.swift; sourceTree = "<group>"; };
		9FF383F21F94005500F9D79F /* Assets.xcassets */ = {isa = PBXFileReference; lastKnownFileType = folder.assetcatalog; path = Assets.xcassets; sourceTree = "<group>"; };
		9FF383F51F94005500F9D79F /* Base */ = {isa = PBXFileReference; lastKnownFileType = file.storyboard; name = Base; path = Base.lproj/LaunchScreen.storyboard; sourceTree = "<group>"; };
		9FF383F71F94005500F9D79F /* Info.plist */ = {isa = PBXFileReference; lastKnownFileType = text.plist.xml; path = Info.plist; sourceTree = "<group>"; };
/* End PBXFileReference section */

/* Begin PBXFrameworksBuildPhase section */
		9FF383E51F94005500F9D79F /* Frameworks */ = {
			isa = PBXFrameworksBuildPhase;
			buildActionMask = 2147483647;
			files = (
				1BFEA87178D94E44CCE3CC3E /* Pods_NewsSearch.framework in Frameworks */,
			);
			runOnlyForDeploymentPostprocessing = 0;
		};
/* End PBXFrameworksBuildPhase section */

/* Begin PBXGroup section */
		9F82DDD61F9FF6E200C7EF2F /* Search */ = {
			isa = PBXGroup;
			children = (
				9F904DA61F96E8F800DD1B8D /* NewsSearchBar.swift */,
				9F82DDD81F9FF71100C7EF2F /* NewsSearchController.swift */,
			);
			path = Search;
			sourceTree = "<group>";
		};
		9F82DDDF1FA00B0F00C7EF2F /* TableView */ = {
			isa = PBXGroup;
			children = (
				9F82DDDA1F9FF8E800C7EF2F /* NewsTableView.swift */,
				9F82DDE21FA1420800C7EF2F /* NewsSourceCell.swift */,
				9F82DDE31FA1420800C7EF2F /* NewsSourceCell.xib */,
				9FE7E01F1FB661BD001B36A5 /* ArticleCell.swift */,
				9FE8812C1FBBB82E008EEBDA /* ArticleCell.xib */,
			);
			path = TableView;
			sourceTree = "<group>";
		};
		9F82DDE01FA00B2300C7EF2F /* Helper Enums */ = {
			isa = PBXGroup;
			children = (
				9FEBB2511F9EC2CC00B7259E /* CategoryEnums.swift */,
				9F904D9C1F96E6C200DD1B8D /* Identifiers.swift */,
			);
			path = "Helper Enums";
			sourceTree = "<group>";
		};
		9F904D9E1F96E73E00DD1B8D /* Models */ = {
			isa = PBXGroup;
			children = (
				9FBC029E1FCE41AC009B1958 /* NewsItem.swift */,
				9F904D921F96E13700DD1B8D /* ArticleModel.swift */,
				9F904D941F96E14200DD1B8D /* SourceModel.swift */,
			);
			path = Models;
			sourceTree = "<group>";
		};
		9F904DA31F96E79F00DD1B8D /* ViewModels */ = {
			isa = PBXGroup;
			children = (
				9F904D8E1F96E00B00DD1B8D /* SourcesViewModel.swift */,
				9F48865D1FB8F64B00292974 /* ArticlesViewModel.swift */,
			);
			path = ViewModels;
			sourceTree = "<group>";
		};
		9F904DA41F96E7BE00DD1B8D /* Foundation Files */ = {
			isa = PBXGroup;
			children = (
				9FF383F41F94005500F9D79F /* LaunchScreen.storyboard */,
				9FF383EB1F94005500F9D79F /* AppDelegate.swift */,
				9FF383F21F94005500F9D79F /* Assets.xcassets */,
			);
			path = "Foundation Files";
			sourceTree = "<group>";
		};
		9F904DA51F96E7D400DD1B8D /* ViewControllers */ = {
			isa = PBXGroup;
			children = (
				9F904D881F96DC0200DD1B8D /* HomeViewController.swift */,
				9FF21DE31FB1612C00E1CB00 /* ArticlesViewController.swift */,
				9F304D761FBE857600D698CC /* NewsWebViewController.swift */,
				9F8606B41FD9CDD10037BBD5 /* NewsTabViewController.swift */,
			);
			path = ViewControllers;
			sourceTree = "<group>";
		};
		9FE8812E1FBCEFE0008EEBDA /* UIViews */ = {
			isa = PBXGroup;
			children = (
				9F27491C1FA94745003B1BE4 /* NewsAndSourcePopupView.swift */,
			);
			path = UIViews;
			sourceTree = "<group>";
		};
		9FE8812F1FBCEFF8008EEBDA /* Views */ = {
			isa = PBXGroup;
			children = (
				9FE8812E1FBCEFE0008EEBDA /* UIViews */,
				9F82DDDF1FA00B0F00C7EF2F /* TableView */,
			);
			path = Views;
			sourceTree = "<group>";
		};
		9FE881301FBCF00D008EEBDA /* Networking */ = {
			isa = PBXGroup;
			children = (
				9F904D901F96E02E00DD1B8D /* NetworkManager .swift */,
			);
			path = Networking;
			sourceTree = "<group>";
		};
		9FEBB24E1F9EBFF800B7259E /* Extensions */ = {
			isa = PBXGroup;
			children = (
				9FBC02E21FCF9777009B1958 /* ViewLayout.swift */,
				9FF023021FA95416009A93C2 /* UIFontExtensions.swift */,
				9F27491F1FA947AD003B1BE4 /* UIButtonExtensions copy.swift */,
				9F27491E1FA947AD003B1BE4 /* UILabelExtensions.swift */,
				9FE9127A1FA64E85008CADE2 /* CGRectExtensions.swift */,
				9FEBB24F1F9EC01000B7259E /* SegmentedControlExtensions.swift */,
				9F0223291FE2D79100396774 /* DateExtensionRelative.swift */,
			);
			path = Extensions;
			sourceTree = "<group>";
		};
		9FF383DF1F94005500F9D79F = {
			isa = PBXGroup;
			children = (
				9FF383EA1F94005500F9D79F /* NewsSearch */,
				9FF383E91F94005500F9D79F /* Products */,
				CEC940FFB5E4DABF6481200C /* Pods */,
				C120924AC7C933F164C39509 /* Frameworks */,
			);
			sourceTree = "<group>";
		};
		9FF383E91F94005500F9D79F /* Products */ = {
			isa = PBXGroup;
			children = (
				9FF383E81F94005500F9D79F /* NewsSearch.app */,
			);
			name = Products;
			sourceTree = "<group>";
		};
		9FF383EA1F94005500F9D79F /* NewsSearch */ = {
			isa = PBXGroup;
			children = (
				9FF383F71F94005500F9D79F /* Info.plist */,
				9F304D701FBE7D5900D698CC /* Keys.plist */,
				9FE8812F1FBCEFF8008EEBDA /* Views */,
				9F904DA51F96E7D400DD1B8D /* ViewControllers */,
				9F904DA41F96E7BE00DD1B8D /* Foundation Files */,
				9F904D9E1F96E73E00DD1B8D /* Models */,
				9F904DA31F96E79F00DD1B8D /* ViewModels */,
				9FE881301FBCF00D008EEBDA /* Networking */,
				9F82DDD61F9FF6E200C7EF2F /* Search */,
				9FEBB24E1F9EBFF800B7259E /* Extensions */,
				9F82DDE01FA00B2300C7EF2F /* Helper Enums */,
			);
			path = NewsSearch;
			sourceTree = "<group>";
		};
		C120924AC7C933F164C39509 /* Frameworks */ = {
			isa = PBXGroup;
			children = (
				13990F2EB5E4D8539A01945E /* Pods_NewsSearch.framework */,
			);
			name = Frameworks;
			sourceTree = "<group>";
		};
		CEC940FFB5E4DABF6481200C /* Pods */ = {
			isa = PBXGroup;
			children = (
				7773AB81B48FFC0D8318F225 /* Pods-NewsSearch.debug.xcconfig */,
				4A6AA6758926F8379D3901A1 /* Pods-NewsSearch.release.xcconfig */,
			);
			name = Pods;
			sourceTree = "<group>";
		};
/* End PBXGroup section */

/* Begin PBXNativeTarget section */
		9FF383E71F94005500F9D79F /* NewsSearch */ = {
			isa = PBXNativeTarget;
			buildConfigurationList = 9FF383FA1F94005500F9D79F /* Build configuration list for PBXNativeTarget "NewsSearch" */;
			buildPhases = (
				A91E73EF86CC42D35C02CE8C /* [CP] Check Pods Manifest.lock */,
				9FF383E41F94005500F9D79F /* Sources */,
				9FF383E51F94005500F9D79F /* Frameworks */,
				9FF383E61F94005500F9D79F /* Resources */,
				70AC96444AE00359F21E3776 /* [CP] Embed Pods Frameworks */,
				F82B6748D7AF23DD9F426927 /* [CP] Copy Pods Resources */,
			);
			buildRules = (
			);
			dependencies = (
			);
			name = NewsSearch;
			productName = NewsSearch;
			productReference = 9FF383E81F94005500F9D79F /* NewsSearch.app */;
			productType = "com.apple.product-type.application";
		};
/* End PBXNativeTarget section */

/* Begin PBXProject section */
		9FF383E01F94005500F9D79F /* Project object */ = {
			isa = PBXProject;
			attributes = {
				LastSwiftUpdateCheck = 0900;
				LastUpgradeCheck = 0900;
				ORGANIZATIONNAME = "Adam B French";
				TargetAttributes = {
					9FF383E71F94005500F9D79F = {
						CreatedOnToolsVersion = 9.0;
						ProvisioningStyle = Automatic;
					};
				};
			};
			buildConfigurationList = 9FF383E31F94005500F9D79F /* Build configuration list for PBXProject "NewsSearch" */;
			compatibilityVersion = "Xcode 8.0";
			developmentRegion = en;
			hasScannedForEncodings = 0;
			knownRegions = (
				en,
				Base,
			);
			mainGroup = 9FF383DF1F94005500F9D79F;
			productRefGroup = 9FF383E91F94005500F9D79F /* Products */;
			projectDirPath = "";
			projectRoot = "";
			targets = (
				9FF383E71F94005500F9D79F /* NewsSearch */,
			);
		};
/* End PBXProject section */

/* Begin PBXResourcesBuildPhase section */
		9FF383E61F94005500F9D79F /* Resources */ = {
			isa = PBXResourcesBuildPhase;
			buildActionMask = 2147483647;
			files = (
				9F304D711FBE7D5900D698CC /* Keys.plist in Resources */,
				9FF383F61F94005500F9D79F /* LaunchScreen.storyboard in Resources */,
				9F82DDE51FA1420800C7EF2F /* NewsSourceCell.xib in Resources */,
				9FF383F31F94005500F9D79F /* Assets.xcassets in Resources */,
				9FE8812D1FBBB82E008EEBDA /* ArticleCell.xib in Resources */,
			);
			runOnlyForDeploymentPostprocessing = 0;
		};
/* End PBXResourcesBuildPhase section */

/* Begin PBXShellScriptBuildPhase section */
		70AC96444AE00359F21E3776 /* [CP] Embed Pods Frameworks */ = {
			isa = PBXShellScriptBuildPhase;
			buildActionMask = 2147483647;
			files = (
			);
			inputPaths = (
				"${SRCROOT}/Pods/Target Support Files/Pods-NewsSearch/Pods-NewsSearch-frameworks.sh",
				"${BUILT_PRODUCTS_DIR}/SDWebImage/SDWebImage.framework",
			);
			name = "[CP] Embed Pods Frameworks";
			outputPaths = (
				"${TARGET_BUILD_DIR}/${FRAMEWORKS_FOLDER_PATH}/SDWebImage.framework",
			);
			runOnlyForDeploymentPostprocessing = 0;
			shellPath = /bin/sh;
			shellScript = "\"${SRCROOT}/Pods/Target Support Files/Pods-NewsSearch/Pods-NewsSearch-frameworks.sh\"\n";
			showEnvVarsInLog = 0;
		};
		A91E73EF86CC42D35C02CE8C /* [CP] Check Pods Manifest.lock */ = {
			isa = PBXShellScriptBuildPhase;
			buildActionMask = 2147483647;
			files = (
			);
			inputPaths = (
				"${PODS_PODFILE_DIR_PATH}/Podfile.lock",
				"${PODS_ROOT}/Manifest.lock",
			);
			name = "[CP] Check Pods Manifest.lock";
			outputPaths = (
				"$(DERIVED_FILE_DIR)/Pods-NewsSearch-checkManifestLockResult.txt",
			);
			runOnlyForDeploymentPostprocessing = 0;
			shellPath = /bin/sh;
			shellScript = "diff \"${PODS_PODFILE_DIR_PATH}/Podfile.lock\" \"${PODS_ROOT}/Manifest.lock\" > /dev/null\nif [ $? != 0 ] ; then\n    # print error to STDERR\n    echo \"error: The sandbox is not in sync with the Podfile.lock. Run 'pod install' or update your CocoaPods installation.\" >&2\n    exit 1\nfi\n# This output is used by Xcode 'outputs' to avoid re-running this script phase.\necho \"SUCCESS\" > \"${SCRIPT_OUTPUT_FILE_0}\"\n";
			showEnvVarsInLog = 0;
		};
		F82B6748D7AF23DD9F426927 /* [CP] Copy Pods Resources */ = {
			isa = PBXShellScriptBuildPhase;
			buildActionMask = 2147483647;
			files = (
			);
			inputPaths = (
			);
			name = "[CP] Copy Pods Resources";
			outputPaths = (
			);
			runOnlyForDeploymentPostprocessing = 0;
			shellPath = /bin/sh;
			shellScript = "\"${SRCROOT}/Pods/Target Support Files/Pods-NewsSearch/Pods-NewsSearch-resources.sh\"\n";
			showEnvVarsInLog = 0;
		};
/* End PBXShellScriptBuildPhase section */

/* Begin PBXSourcesBuildPhase section */
		9FF383E41F94005500F9D79F /* Sources */ = {
			isa = PBXSourcesBuildPhase;
			buildActionMask = 2147483647;
			files = (
				9F904D8F1F96E00B00DD1B8D /* SourcesViewModel.swift in Sources */,
				9F904D911F96E02E00DD1B8D /* NetworkManager .swift in Sources */,
				9F304D771FBE857600D698CC /* NewsWebViewController.swift in Sources */,
				9FBC029F1FCE41AC009B1958 /* NewsItem.swift in Sources */,
				9FBC02E31FCF9777009B1958 /* ViewLayout.swift in Sources */,
				9FF383EC1F94005500F9D79F /* AppDelegate.swift in Sources */,
				9F904D931F96E13700DD1B8D /* ArticleModel.swift in Sources */,
				9F2749201FA947AD003B1BE4 /* UILabelExtensions.swift in Sources */,
				9FEBB2521F9EC2CC00B7259E /* CategoryEnums.swift in Sources */,
				9F82DDDB1F9FF8E800C7EF2F /* NewsTableView.swift in Sources */,
				9FE9127B1FA64E85008CADE2 /* CGRectExtensions.swift in Sources */,
				9FF21DE41FB1612C00E1CB00 /* ArticlesViewController.swift in Sources */,
				9FE7E0211FB661BD001B36A5 /* ArticleCell.swift in Sources */,
				9F2749211FA947AD003B1BE4 /* UIButtonExtensions copy.swift in Sources */,
				9F904D951F96E14200DD1B8D /* SourceModel.swift in Sources */,
				9FEBB2501F9EC01000B7259E /* SegmentedControlExtensions.swift in Sources */,
				9F27491D1FA94745003B1BE4 /* NewsAndSourcePopupView.swift in Sources */,
				9F8606B51FD9CDD10037BBD5 /* NewsTabViewController.swift in Sources */,
				9F904D891F96DC0200DD1B8D /* HomeViewController.swift in Sources */,
				9F82DDE41FA1420800C7EF2F /* NewsSourceCell.swift in Sources */,
				9F48865E1FB8F64B00292974 /* ArticlesViewModel.swift in Sources */,
				9F904DA71F96E8F800DD1B8D /* NewsSearchBar.swift in Sources */,
				9FF023031FA95416009A93C2 /* UIFontExtensions.swift in Sources */,
				9F02232A1FE2D79100396774 /* DateExtensionRelative.swift in Sources */,
				9F82DDD91F9FF71100C7EF2F /* NewsSearchController.swift in Sources */,
				9F904D9D1F96E6C200DD1B8D /* Identifiers.swift in Sources */,
			);
			runOnlyForDeploymentPostprocessing = 0;
		};
/* End PBXSourcesBuildPhase section */

/* Begin PBXVariantGroup section */
		9FF383F41F94005500F9D79F /* LaunchScreen.storyboard */ = {
			isa = PBXVariantGroup;
			children = (
				9FF383F51F94005500F9D79F /* Base */,
			);
			name = LaunchScreen.storyboard;
			sourceTree = "<group>";
		};
/* End PBXVariantGroup section */

/* Begin XCBuildConfiguration section */
		9FF383F81F94005500F9D79F /* Debug */ = {
			isa = XCBuildConfiguration;
			buildSettings = {
				ALWAYS_SEARCH_USER_PATHS = NO;
				CLANG_ANALYZER_NONNULL = YES;
				CLANG_ANALYZER_NUMBER_OBJECT_CONVERSION = YES_AGGRESSIVE;
				CLANG_CXX_LANGUAGE_STANDARD = "gnu++14";
				CLANG_CXX_LIBRARY = "libc++";
				CLANG_ENABLE_MODULES = YES;
				CLANG_ENABLE_OBJC_ARC = YES;
				CLANG_WARN_BLOCK_CAPTURE_AUTORELEASING = YES;
				CLANG_WARN_BOOL_CONVERSION = YES;
				CLANG_WARN_COMMA = YES;
				CLANG_WARN_CONSTANT_CONVERSION = YES;
				CLANG_WARN_DIRECT_OBJC_ISA_USAGE = YES_ERROR;
				CLANG_WARN_DOCUMENTATION_COMMENTS = YES;
				CLANG_WARN_EMPTY_BODY = YES;
				CLANG_WARN_ENUM_CONVERSION = YES;
				CLANG_WARN_INFINITE_RECURSION = YES;
				CLANG_WARN_INT_CONVERSION = YES;
				CLANG_WARN_NON_LITERAL_NULL_CONVERSION = YES;
				CLANG_WARN_OBJC_LITERAL_CONVERSION = YES;
				CLANG_WARN_OBJC_ROOT_CLASS = YES_ERROR;
				CLANG_WARN_RANGE_LOOP_ANALYSIS = YES;
				CLANG_WARN_STRICT_PROTOTYPES = YES;
				CLANG_WARN_SUSPICIOUS_MOVE = YES;
				CLANG_WARN_UNGUARDED_AVAILABILITY = YES_AGGRESSIVE;
				CLANG_WARN_UNREACHABLE_CODE = YES;
				CLANG_WARN__DUPLICATE_METHOD_MATCH = YES;
				CODE_SIGN_IDENTITY = "iPhone Developer";
				COPY_PHASE_STRIP = NO;
				DEBUG_INFORMATION_FORMAT = dwarf;
				ENABLE_STRICT_OBJC_MSGSEND = YES;
				ENABLE_TESTABILITY = YES;
				GCC_C_LANGUAGE_STANDARD = gnu11;
				GCC_DYNAMIC_NO_PIC = NO;
				GCC_NO_COMMON_BLOCKS = YES;
				GCC_OPTIMIZATION_LEVEL = 0;
				GCC_PREPROCESSOR_DEFINITIONS = (
					"DEBUG=1",
					"$(inherited)",
				);
				GCC_WARN_64_TO_32_BIT_CONVERSION = YES;
				GCC_WARN_ABOUT_RETURN_TYPE = YES_ERROR;
				GCC_WARN_UNDECLARED_SELECTOR = YES;
				GCC_WARN_UNINITIALIZED_AUTOS = YES_AGGRESSIVE;
				GCC_WARN_UNUSED_FUNCTION = YES;
				GCC_WARN_UNUSED_VARIABLE = YES;
				IPHONEOS_DEPLOYMENT_TARGET = 11.0;
				MTL_ENABLE_DEBUG_INFO = YES;
				ONLY_ACTIVE_ARCH = YES;
				SDKROOT = iphoneos;
				SWIFT_ACTIVE_COMPILATION_CONDITIONS = DEBUG;
				SWIFT_OPTIMIZATION_LEVEL = "-Onone";
			};
			name = Debug;
		};
		9FF383F91F94005500F9D79F /* Release */ = {
			isa = XCBuildConfiguration;
			buildSettings = {
				ALWAYS_SEARCH_USER_PATHS = NO;
				CLANG_ANALYZER_NONNULL = YES;
				CLANG_ANALYZER_NUMBER_OBJECT_CONVERSION = YES_AGGRESSIVE;
				CLANG_CXX_LANGUAGE_STANDARD = "gnu++14";
				CLANG_CXX_LIBRARY = "libc++";
				CLANG_ENABLE_MODULES = YES;
				CLANG_ENABLE_OBJC_ARC = YES;
				CLANG_WARN_BLOCK_CAPTURE_AUTORELEASING = YES;
				CLANG_WARN_BOOL_CONVERSION = YES;
				CLANG_WARN_COMMA = YES;
				CLANG_WARN_CONSTANT_CONVERSION = YES;
				CLANG_WARN_DIRECT_OBJC_ISA_USAGE = YES_ERROR;
				CLANG_WARN_DOCUMENTATION_COMMENTS = YES;
				CLANG_WARN_EMPTY_BODY = YES;
				CLANG_WARN_ENUM_CONVERSION = YES;
				CLANG_WARN_INFINITE_RECURSION = YES;
				CLANG_WARN_INT_CONVERSION = YES;
				CLANG_WARN_NON_LITERAL_NULL_CONVERSION = YES;
				CLANG_WARN_OBJC_LITERAL_CONVERSION = YES;
				CLANG_WARN_OBJC_ROOT_CLASS = YES_ERROR;
				CLANG_WARN_RANGE_LOOP_ANALYSIS = YES;
				CLANG_WARN_STRICT_PROTOTYPES = YES;
				CLANG_WARN_SUSPICIOUS_MOVE = YES;
				CLANG_WARN_UNGUARDED_AVAILABILITY = YES_AGGRESSIVE;
				CLANG_WARN_UNREACHABLE_CODE = YES;
				CLANG_WARN__DUPLICATE_METHOD_MATCH = YES;
				CODE_SIGN_IDENTITY = "iPhone Developer";
				COPY_PHASE_STRIP = NO;
				DEBUG_INFORMATION_FORMAT = "dwarf-with-dsym";
				ENABLE_NS_ASSERTIONS = NO;
				ENABLE_STRICT_OBJC_MSGSEND = YES;
				GCC_C_LANGUAGE_STANDARD = gnu11;
				GCC_NO_COMMON_BLOCKS = YES;
				GCC_WARN_64_TO_32_BIT_CONVERSION = YES;
				GCC_WARN_ABOUT_RETURN_TYPE = YES_ERROR;
				GCC_WARN_UNDECLARED_SELECTOR = YES;
				GCC_WARN_UNINITIALIZED_AUTOS = YES_AGGRESSIVE;
				GCC_WARN_UNUSED_FUNCTION = YES;
				GCC_WARN_UNUSED_VARIABLE = YES;
				IPHONEOS_DEPLOYMENT_TARGET = 11.0;
				MTL_ENABLE_DEBUG_INFO = NO;
				SDKROOT = iphoneos;
				SWIFT_OPTIMIZATION_LEVEL = "-Owholemodule";
				VALIDATE_PRODUCT = YES;
			};
			name = Release;
		};
		9FF383FB1F94005500F9D79F /* Debug */ = {
			isa = XCBuildConfiguration;
			baseConfigurationReference = 7773AB81B48FFC0D8318F225 /* Pods-NewsSearch.debug.xcconfig */;
			buildSettings = {
				ASSETCATALOG_COMPILER_APPICON_NAME = AppIcon;
				CODE_SIGN_STYLE = Automatic;
				INFOPLIST_FILE = NewsSearch/Info.plist;
				LD_RUNPATH_SEARCH_PATHS = "$(inherited) @executable_path/Frameworks";
				PRODUCT_BUNDLE_IDENTIFIER = AdamFrench.NewsSearch;
				PRODUCT_NAME = "$(TARGET_NAME)";
				SWIFT_VERSION = 4.0;
				TARGETED_DEVICE_FAMILY = "1,2";
			};
			name = Debug;
		};
		9FF383FC1F94005500F9D79F /* Release */ = {
			isa = XCBuildConfiguration;
			baseConfigurationReference = 4A6AA6758926F8379D3901A1 /* Pods-NewsSearch.release.xcconfig */;
			buildSettings = {
				ASSETCATALOG_COMPILER_APPICON_NAME = AppIcon;
				CODE_SIGN_STYLE = Automatic;
				INFOPLIST_FILE = NewsSearch/Info.plist;
				LD_RUNPATH_SEARCH_PATHS = "$(inherited) @executable_path/Frameworks";
				PRODUCT_BUNDLE_IDENTIFIER = AdamFrench.NewsSearch;
				PRODUCT_NAME = "$(TARGET_NAME)";
				SWIFT_VERSION = 4.0;
				TARGETED_DEVICE_FAMILY = "1,2";
			};
			name = Release;
		};
/* End XCBuildConfiguration section */

/* Begin XCConfigurationList section */
		9FF383E31F94005500F9D79F /* Build configuration list for PBXProject "NewsSearch" */ = {
			isa = XCConfigurationList;
			buildConfigurations = (
				9FF383F81F94005500F9D79F /* Debug */,
				9FF383F91F94005500F9D79F /* Release */,
			);
			defaultConfigurationIsVisible = 0;
			defaultConfigurationName = Release;
		};
		9FF383FA1F94005500F9D79F /* Build configuration list for PBXNativeTarget "NewsSearch" */ = {
			isa = XCConfigurationList;
			buildConfigurations = (
				9FF383FB1F94005500F9D79F /* Debug */,
				9FF383FC1F94005500F9D79F /* Release */,
			);
			defaultConfigurationIsVisible = 0;
			defaultConfigurationName = Release;
		};
/* End XCConfigurationList section */
	};
	rootObject = 9FF383E01F94005500F9D79F /* Project object */;
}
